
Microsoft Visual Studio Solution File, Format Version 12.00
# Visual Studio Version 17
VisualStudioVersion = 17.5.002.0
MinimumVisualStudioVersion = 10.0.40219.1
Project("{9A19103F-16F7-4668-BE54-9A1E7A4F7556}") = "RailgunUrl", "RailgunUrl.csproj", "{23086517-411E-4EB1-A9E0-FFCAFD5271C1}"
EndProject
Global
	GlobalSection(SolutionConfigurationPlatforms) = preSolution
		Debug|Any CPU = Debug|Any CPU
		Release|Any CPU = Release|Any CPU
	EndGlobalSection
	GlobalSection(ProjectConfigurationPlatforms) = postSolution
		{23086517-411E-4EB1-A9E0-FFCAFD5271C1}.Debug|Any CPU.ActiveCfg = Debug|Any CPU
		{23086517-411E-4EB1-A9E0-FFCAFD5271C1}.Debug|Any CPU.Build.0 = Debug|Any CPU
		{23086517-411E-4EB1-A9E0-FFCAFD5271C1}.Release|Any CPU.ActiveCfg = Release|Any CPU
		{23086517-411E-4EB1-A9E0-FFCAFD5271C1}.Release|Any CPU.Build.0 = Release|Any CPU
	EndGlobalSection
	GlobalSection(SolutionProperties) = preSolution
		HideSolutionNode = FALSE
	EndGlobalSection
	GlobalSection(ExtensibilityGlobals) = postSolution
		SolutionGuid = {4E7320D6-61BE-4936-BE05-6DCC3249EEDD}
	EndGlobalSection
EndGlobal
